
Microsoft Visual Studio Solution File, Format Version 12.00
# Visual Studio Version 17
VisualStudioVersion = 17.13.35806.99
MinimumVisualStudioVersion = 10.0.40219.1
Project("{FAE04EC0-301F-11D3-BF4B-00C04F79EFBC}") = "CitasMedicas.Models", "CitasMedicas.Models\CitasMedicas.Models.csproj", "{99918946-4926-43F2-B3F4-4F1EF8B8A683}"
EndProject
Project("{FAE04EC0-301F-11D3-BF4B-00C04F79EFBC}") = "CitasMedicas.DataAccess", "CitasMedicas.DataAccess\CitasMedicas.DataAccess.csproj", "{BF2055C0-253E-43ED-A231-2F690831003B}"
EndProject
Project("{FAE04EC0-301F-11D3-BF4B-00C04F79EFBC}") = "CitasMedicas.BusinessLogic", "CitasMedicas.BusinessLogic\CitasMedicas.BusinessLogic.csproj", "{25EDB62A-08BA-420D-8104-BC64C4359C32}"
EndProject
Project("{FAE04EC0-301F-11D3-BF4B-00C04F79EFBC}") = "CitasMedicas.API", "CitasMedicas.API\CitasMedicas.API.csproj", "{AC7B513C-75A6-499E-B82D-E0A77B7B0A12}"
EndProject
Project("{FAE04EC0-301F-11D3-BF4B-00C04F79EFBC}") = "CitasMedicas.Tests", "CitasMedicas.Tests\CitasMedicas.Tests.csproj", "{327E985F-2578-4A87-8298-C2BB36261659}"
EndProject
Global
	GlobalSection(SolutionConfigurationPlatforms) = preSolution
		Debug|Any CPU = Debug|Any CPU
		Debug|x64 = Debug|x64
		Debug|x86 = Debug|x86
		Release|Any CPU = Release|Any CPU
		Release|x64 = Release|x64
		Release|x86 = Release|x86
	EndGlobalSection
	GlobalSection(ProjectConfigurationPlatforms) = postSolution
		{99918946-4926-43F2-B3F4-4F1EF8B8A683}.Debug|Any CPU.ActiveCfg = Debug|Any CPU
		{99918946-4926-43F2-B3F4-4F1EF8B8A683}.Debug|Any CPU.Build.0 = Debug|Any CPU
		{99918946-4926-43F2-B3F4-4F1EF8B8A683}.Debug|x64.ActiveCfg = Debug|Any CPU
		{99918946-4926-43F2-B3F4-4F1EF8B8A683}.Debug|x64.Build.0 = Debug|Any CPU
		{99918946-4926-43F2-B3F4-4F1EF8B8A683}.Debug|x86.ActiveCfg = Debug|Any CPU
		{99918946-4926-43F2-B3F4-4F1EF8B8A683}.Debug|x86.Build.0 = Debug|Any CPU
		{99918946-4926-43F2-B3F4-4F1EF8B8A683}.Release|Any CPU.ActiveCfg = Release|Any CPU
		{99918946-4926-43F2-B3F4-4F1EF8B8A683}.Release|Any CPU.Build.0 = Release|Any CPU
		{99918946-4926-43F2-B3F4-4F1EF8B8A683}.Release|x64.ActiveCfg = Release|Any CPU
		{99918946-4926-43F2-B3F4-4F1EF8B8A683}.Release|x64.Build.0 = Release|Any CPU
		{99918946-4926-43F2-B3F4-4F1EF8B8A683}.Release|x86.ActiveCfg = Release|Any CPU
		{99918946-4926-43F2-B3F4-4F1EF8B8A683}.Release|x86.Build.0 = Release|Any CPU
		{BF2055C0-253E-43ED-A231-2F690831003B}.Debug|Any CPU.ActiveCfg = Debug|Any CPU
		{BF2055C0-253E-43ED-A231-2F690831003B}.Debug|Any CPU.Build.0 = Debug|Any CPU
		{BF2055C0-253E-43ED-A231-2F690831003B}.Debug|x64.ActiveCfg = Debug|Any CPU
		{BF2055C0-253E-43ED-A231-2F690831003B}.Debug|x64.Build.0 = Debug|Any CPU
		{BF2055C0-253E-43ED-A231-2F690831003B}.Debug|x86.ActiveCfg = Debug|Any CPU
		{BF2055C0-253E-43ED-A231-2F690831003B}.Debug|x86.Build.0 = Debug|Any CPU
		{BF2055C0-253E-43ED-A231-2F690831003B}.Release|Any CPU.ActiveCfg = Release|Any CPU
		{BF2055C0-253E-43ED-A231-2F690831003B}.Release|Any CPU.Build.0 = Release|Any CPU
		{BF2055C0-253E-43ED-A231-2F690831003B}.Release|x64.ActiveCfg = Release|Any CPU
		{BF2055C0-253E-43ED-A231-2F690831003B}.Release|x64.Build.0 = Release|Any CPU
		{BF2055C0-253E-43ED-A231-2F690831003B}.Release|x86.ActiveCfg = Release|Any CPU
		{BF2055C0-253E-43ED-A231-2F690831003B}.Release|x86.Build.0 = Release|Any CPU
		{25EDB62A-08BA-420D-8104-BC64C4359C32}.Debug|Any CPU.ActiveCfg = Debug|Any CPU
		{25EDB62A-08BA-420D-8104-BC64C4359C32}.Debug|Any CPU.Build.0 = Debug|Any CPU
		{25EDB62A-08BA-420D-8104-BC64C4359C32}.Debug|x64.ActiveCfg = Debug|Any CPU
		{25EDB62A-08BA-420D-8104-BC64C4359C32}.Debug|x64.Build.0 = Debug|Any CPU
		{25EDB62A-08BA-420D-8104-BC64C4359C32}.Debug|x86.ActiveCfg = Debug|Any CPU
		{25EDB62A-08BA-420D-8104-BC64C4359C32}.Debug|x86.Build.0 = Debug|Any CPU
		{25EDB62A-08BA-420D-8104-BC64C4359C32}.Release|Any CPU.ActiveCfg = Release|Any CPU
		{25EDB62A-08BA-420D-8104-BC64C4359C32}.Release|Any CPU.Build.0 = Release|Any CPU
		{25EDB62A-08BA-420D-8104-BC64C4359C32}.Release|x64.ActiveCfg = Release|Any CPU
		{25EDB62A-08BA-420D-8104-BC64C4359C32}.Release|x64.Build.0 = Release|Any CPU
		{25EDB62A-08BA-420D-8104-BC64C4359C32}.Release|x86.ActiveCfg = Release|Any CPU
		{25EDB62A-08BA-420D-8104-BC64C4359C32}.Release|x86.Build.0 = Release|Any CPU
		{AC7B513C-75A6-499E-B82D-E0A77B7B0A12}.Debug|Any CPU.ActiveCfg = Debug|Any CPU
		{AC7B513C-75A6-499E-B82D-E0A77B7B0A12}.Debug|Any CPU.Build.0 = Debug|Any CPU
		{AC7B513C-75A6-499E-B82D-E0A77B7B0A12}.Debug|x64.ActiveCfg = Debug|Any CPU
		{AC7B513C-75A6-499E-B82D-E0A77B7B0A12}.Debug|x64.Build.0 = Debug|Any CPU
		{AC7B513C-75A6-499E-B82D-E0A77B7B0A12}.Debug|x86.ActiveCfg = Debug|Any CPU
		{AC7B513C-75A6-499E-B82D-E0A77B7B0A12}.Debug|x86.Build.0 = Debug|Any CPU
		{AC7B513C-75A6-499E-B82D-E0A77B7B0A12}.Release|Any CPU.ActiveCfg = Release|Any CPU
		{AC7B513C-75A6-499E-B82D-E0A77B7B0A12}.Release|Any CPU.Build.0 = Release|Any CPU
		{AC7B513C-75A6-499E-B82D-E0A77B7B0A12}.Release|x64.ActiveCfg = Release|Any CPU
		{AC7B513C-75A6-499E-B82D-E0A77B7B0A12}.Release|x64.Build.0 = Release|Any CPU
		{AC7B513C-75A6-499E-B82D-E0A77B7B0A12}.Release|x86.ActiveCfg = Release|Any CPU
		{AC7B513C-75A6-499E-B82D-E0A77B7B0A12}.Release|x86.Build.0 = Release|Any CPU
		{327E985F-2578-4A87-8298-C2BB36261659}.Debug|Any CPU.ActiveCfg = Debug|Any CPU
		{327E985F-2578-4A87-8298-C2BB36261659}.Debug|Any CPU.Build.0 = Debug|Any CPU
		{327E985F-2578-4A87-8298-C2BB36261659}.Debug|x64.ActiveCfg = Debug|Any CPU
		{327E985F-2578-4A87-8298-C2BB36261659}.Debug|x64.Build.0 = Debug|Any CPU
		{327E985F-2578-4A87-8298-C2BB36261659}.Debug|x86.ActiveCfg = Debug|Any CPU
		{327E985F-2578-4A87-8298-C2BB36261659}.Debug|x86.Build.0 = Debug|Any CPU
		{327E985F-2578-4A87-8298-C2BB36261659}.Release|Any CPU.ActiveCfg = Release|Any CPU
		{327E985F-2578-4A87-8298-C2BB36261659}.Release|Any CPU.Build.0 = Release|Any CPU
		{327E985F-2578-4A87-8298-C2BB36261659}.Release|x64.ActiveCfg = Release|Any CPU
		{327E985F-2578-4A87-8298-C2BB36261659}.Release|x64.Build.0 = Release|Any CPU
		{327E985F-2578-4A87-8298-C2BB36261659}.Release|x86.ActiveCfg = Release|Any CPU
		{327E985F-2578-4A87-8298-C2BB36261659}.Release|x86.Build.0 = Release|Any CPU
	EndGlobalSection
	GlobalSection(SolutionProperties) = preSolution
		HideSolutionNode = FALSE
	EndGlobalSection
	GlobalSection(ExtensibilityGlobals) = postSolution
		SolutionGuid = {1FB9DB73-1F92-43AA-80C8-5B6C74F5A80C}
	EndGlobalSection
EndGlobal
